// !$*UTF8*$!
{
	archiveVersion = 1;
	classes = {
	};
	objectVersion = 56;
	objects = {

/* Begin PBXBuildFile section */
		D30E99D82C97CB74000C76E3 /* AppDelegate.swift in Sources */ = {isa = PBXBuildFile; fileRef = D30E99D72C97CB74000C76E3 /* AppDelegate.swift */; };
		D30E99DA2C97CB74000C76E3 /* SceneDelegate.swift in Sources */ = {isa = PBXBuildFile; fileRef = D30E99D92C97CB74000C76E3 /* SceneDelegate.swift */; };
		D30E99DC2C97CB74000C76E3 /* ViewController.swift in Sources */ = {isa = PBXBuildFile; fileRef = D30E99DB2C97CB74000C76E3 /* ViewController.swift */; };
		D30E99DF2C97CB74000C76E3 /* Base in Resources */ = {isa = PBXBuildFile; fileRef = D30E99DE2C97CB74000C76E3 /* Base */; };
		D30E99E22C97CB74000C76E3 /* NotesAppMVVM.xcdatamodeld in Sources */ = {isa = PBXBuildFile; fileRef = D30E99E02C97CB74000C76E3 /* NotesAppMVVM.xcdatamodeld */; };
		D30E99E42C97CB75000C76E3 /* Assets.xcassets in Resources */ = {isa = PBXBuildFile; fileRef = D30E99E32C97CB75000C76E3 /* Assets.xcassets */; };
		D30E99E72C97CB75000C76E3 /* Base in Resources */ = {isa = PBXBuildFile; fileRef = D30E99E62C97CB75000C76E3 /* Base */; };
/* End PBXBuildFile section */

/* Begin PBXFileReference section */
		D30E99D42C97CB74000C76E3 /* NotesAppMVVM.app */ = {isa = PBXFileReference; explicitFileType = wrapper.application; includeInIndex = 0; path = NotesAppMVVM.app; sourceTree = BUILT_PRODUCTS_DIR; };
		D30E99D72C97CB74000C76E3 /* AppDelegate.swift */ = {isa = PBXFileReference; lastKnownFileType = sourcecode.swift; path = AppDelegate.swift; sourceTree = "<group>"; };
		D30E99D92C97CB74000C76E3 /* SceneDelegate.swift */ = {isa = PBXFileReference; lastKnownFileType = sourcecode.swift; path = SceneDelegate.swift; sourceTree = "<group>"; };
		D30E99DB2C97CB74000C76E3 /* ViewController.swift */ = {isa = PBXFileReference; lastKnownFileType = sourcecode.swift; path = ViewController.swift; sourceTree = "<group>"; };
		D30E99DE2C97CB74000C76E3 /* Base */ = {isa = PBXFileReference; lastKnownFileType = file.storyboard; name = Base; path = Base.lproj/Main.storyboard; sourceTree = "<group>"; };
		D30E99E12C97CB74000C76E3 /* NotesAppMVVM.xcdatamodel */ = {isa = PBXFileReference; lastKnownFileType = wrapper.xcdatamodel; path = NotesAppMVVM.xcdatamodel; sourceTree = "<group>"; };
		D30E99E32C97CB75000C76E3 /* Assets.xcassets */ = {isa = PBXFileReference; lastKnownFileType = folder.assetcatalog; path = Assets.xcassets; sourceTree = "<group>"; };
		D30E99E62C97CB75000C76E3 /* Base */ = {isa = PBXFileReference; lastKnownFileType = file.storyboard; name = Base; path = Base.lproj/LaunchScreen.storyboard; sourceTree = "<group>"; };
		D30E99E82C97CB75000C76E3 /* Info.plist */ = {isa = PBXFileReference; lastKnownFileType = text.plist.xml; path = Info.plist; sourceTree = "<group>"; };
/* End PBXFileReference section */

/* Begin PBXFrameworksBuildPhase section */
		D30E99D12C97CB74000C76E3 /* Frameworks */ = {
			isa = PBXFrameworksBuildPhase;
			buildActionMask = 2147483647;
			files = (
			);
			runOnlyForDeploymentPostprocessing = 0;
		};
/* End PBXFrameworksBuildPhase section */

/* Begin PBXGroup section */
		D30E99CB2C97CB74000C76E3 = {
			isa = PBXGroup;
			children = (
				D30E99D62C97CB74000C76E3 /* NotesAppMVVM */,
				D30E99D52C97CB74000C76E3 /* Products */,
			);
			sourceTree = "<group>";
		};
		D30E99D52C97CB74000C76E3 /* Products */ = {
			isa = PBXGroup;
			children = (
				D30E99D42C97CB74000C76E3 /* NotesAppMVVM.app */,
			);
			name = Products;
			sourceTree = "<group>";
		};
		D30E99D62C97CB74000C76E3 /* NotesAppMVVM */ = {
			isa = PBXGroup;
			children = (
				D30E99D72C97CB74000C76E3 /* AppDelegate.swift */,
				D30E99D92C97CB74000C76E3 /* SceneDelegate.swift */,
				D30E99DB2C97CB74000C76E3 /* ViewController.swift */,
				D30E99DD2C97CB74000C76E3 /* Main.storyboard */,
				D30E99E32C97CB75000C76E3 /* Assets.xcassets */,
				D30E99E52C97CB75000C76E3 /* LaunchScreen.storyboard */,
				D30E99E82C97CB75000C76E3 /* Info.plist */,
				D30E99E02C97CB74000C76E3 /* NotesAppMVVM.xcdatamodeld */,
			);
			path = NotesAppMVVM;
			sourceTree = "<group>";
		};
/* End PBXGroup section */

/* Begin PBXNativeTarget section */
		D30E99D32C97CB74000C76E3 /* NotesAppMVVM */ = {
			isa = PBXNativeTarget;
			buildConfigurationList = D30E99EB2C97CB75000C76E3 /* Build configuration list for PBXNativeTarget "NotesAppMVVM" */;
			buildPhases = (
				D30E99D02C97CB74000C76E3 /* Sources */,
				D30E99D12C97CB74000C76E3 /* Frameworks */,
				D30E99D22C97CB74000C76E3 /* Resources */,
			);
			buildRules = (
			);
			dependencies = (
			);
			name = NotesAppMVVM;
			productName = NotesAppMVVM;
			productReference = D30E99D42C97CB74000C76E3 /* NotesAppMVVM.app */;
			productType = "com.apple.product-type.application";
		};
/* End PBXNativeTarget section */

/* Begin PBXProject section */
		D30E99CC2C97CB74000C76E3 /* Project object */ = {
			isa = PBXProject;
			attributes = {
				BuildIndependentTargetsInParallel = 1;
				LastSwiftUpdateCheck = 1540;
				LastUpgradeCheck = 1540;
				TargetAttributes = {
					D30E99D32C97CB74000C76E3 = {
						CreatedOnToolsVersion = 15.4;
					};
				};
			};
			buildConfigurationList = D30E99CF2C97CB74000C76E3 /* Build configuration list for PBXProject "NotesAppMVVM" */;
			compatibilityVersion = "Xcode 14.0";
			developmentRegion = en;
			hasScannedForEncodings = 0;
			knownRegions = (
				en,
				Base,
			);
			mainGroup = D30E99CB2C97CB74000C76E3;
			productRefGroup = D30E99D52C97CB74000C76E3 /* Products */;
			projectDirPath = "";
			projectRoot = "";
			targets = (
				D30E99D32C97CB74000C76E3 /* NotesAppMVVM */,
			);
		};
/* End PBXProject section */

/* Begin PBXResourcesBuildPhase section */
		D30E99D22C97CB74000C76E3 /* Resources */ = {
			isa = PBXResourcesBuildPhase;
			buildActionMask = 2147483647;
			files = (
				D30E99E42C97CB75000C76E3 /* Assets.xcassets in Resources */,
				D30E99E72C97CB75000C76E3 /* Base in Resources */,
				D30E99DF2C97CB74000C76E3 /* Base in Resources */,
			);
			runOnlyForDeploymentPostprocessing = 0;
		};
/* End PBXResourcesBuildPhase section */

/* Begin PBXSourcesBuildPhase section */
		D30E99D02C97CB74000C76E3 /* Sources */ = {
			isa = PBXSourcesBuildPhase;
			buildActionMask = 2147483647;
			files = (
				D30E99DC2C97CB74000C76E3 /* ViewController.swift in Sources */,
				D30E99E22C97CB74000C76E3 /* NotesAppMVVM.xcdatamodeld in Sources */,
				D30E99D82C97CB74000C76E3 /* AppDelegate.swift in Sources */,
				D30E99DA2C97CB74000C76E3 /* SceneDelegate.swift in Sources */,
			);
			runOnlyForDeploymentPostprocessing = 0;
		};
/* End PBXSourcesBuildPhase section */

/* Begin PBXVariantGroup section */
		D30E99DD2C97CB74000C76E3 /* Main.storyboard */ = {
			isa = PBXVariantGroup;
			children = (
				D30E99DE2C97CB74000C76E3 /* Base */,
			);
			name = Main.storyboard;
			sourceTree = "<group>";
		};
		D30E99E52C97CB75000C76E3 /* LaunchScreen.storyboard */ = {
			isa = PBXVariantGroup;
			children = (
				D30E99E62C97CB75000C76E3 /* Base */,
			);
			name = LaunchScreen.storyboard;
			sourceTree = "<group>";
		};
/* End PBXVariantGroup section */

/* Begin XCBuildConfiguration section */
		D30E99E92C97CB75000C76E3 /* Debug */ = {
			isa = XCBuildConfiguration;
			buildSettings = {
				ALWAYS_SEARCH_USER_PATHS = NO;
				ASSETCATALOG_COMPILER_GENERATE_SWIFT_ASSET_SYMBOL_EXTENSIONS = YES;
				CLANG_ANALYZER_NONNULL = YES;
				CLANG_ANALYZER_NUMBER_OBJECT_CONVERSION = YES_AGGRESSIVE;
				CLANG_CXX_LANGUAGE_STANDARD = "gnu++20";
				CLANG_ENABLE_MODULES = YES;
				CLANG_ENABLE_OBJC_ARC = YES;
				CLANG_ENABLE_OBJC_WEAK = YES;
				CLANG_WARN_BLOCK_CAPTURE_AUTORELEASING = YES;
				CLANG_WARN_BOOL_CONVERSION = YES;
				CLANG_WARN_COMMA = YES;
				CLANG_WARN_CONSTANT_CONVERSION = YES;
				CLANG_WARN_DEPRECATED_OBJC_IMPLEMENTATIONS = YES;
				CLANG_WARN_DIRECT_OBJC_ISA_USAGE = YES_ERROR;
				CLANG_WARN_DOCUMENTATION_COMMENTS = YES;
				CLANG_WARN_EMPTY_BODY = YES;
				CLANG_WARN_ENUM_CONVERSION = YES;
				CLANG_WARN_INFINITE_RECURSION = YES;
				CLANG_WARN_INT_CONVERSION = YES;
				CLANG_WARN_NON_LITERAL_NULL_CONVERSION = YES;
				CLANG_WARN_OBJC_IMPLICIT_RETAIN_SELF = YES;
				CLANG_WARN_OBJC_LITERAL_CONVERSION = YES;
				CLANG_WARN_OBJC_ROOT_CLASS = YES_ERROR;
				CLANG_WARN_QUOTED_INCLUDE_IN_FRAMEWORK_HEADER = YES;
				CLANG_WARN_RANGE_LOOP_ANALYSIS = YES;
				CLANG_WARN_STRICT_PROTOTYPES = YES;
				CLANG_WARN_SUSPICIOUS_MOVE = YES;
				CLANG_WARN_UNGUARDED_AVAILABILITY = YES_AGGRESSIVE;
				CLANG_WARN_UNREACHABLE_CODE = YES;
				CLANG_WARN__DUPLICATE_METHOD_MATCH = YES;
				COPY_PHASE_STRIP = NO;
				DEBUG_INFORMATION_FORMAT = dwarf;
				ENABLE_STRICT_OBJC_MSGSEND = YES;
				ENABLE_TESTABILITY = YES;
				ENABLE_USER_SCRIPT_SANDBOXING = YES;
				GCC_C_LANGUAGE_STANDARD = gnu17;
				GCC_DYNAMIC_NO_PIC = NO;
				GCC_NO_COMMON_BLOCKS = YES;
				GCC_OPTIMIZATION_LEVEL = 0;
				GCC_PREPROCESSOR_DEFINITIONS = (
					"DEBUG=1",
					"$(inherited)",
				);
				GCC_WARN_64_TO_32_BIT_CONVERSION = YES;
				GCC_WARN_ABOUT_RETURN_TYPE = YES_ERROR;
				GCC_WARN_UNDECLARED_SELECTOR = YES;
				GCC_WARN_UNINITIALIZED_AUTOS = YES_AGGRESSIVE;
				GCC_WARN_UNUSED_FUNCTION = YES;
				GCC_WARN_UNUSED_VARIABLE = YES;
				IPHONEOS_DEPLOYMENT_TARGET = 17.5;
				LOCALIZATION_PREFERS_STRING_CATALOGS = YES;
				MTL_ENABLE_DEBUG_INFO = INCLUDE_SOURCE;
				MTL_FAST_MATH = YES;
				ONLY_ACTIVE_ARCH = YES;
				SDKROOT = iphoneos;
				SWIFT_ACTIVE_COMPILATION_CONDITIONS = "DEBUG $(inherited)";
				SWIFT_OPTIMIZATION_LEVEL = "-Onone";
			};
			name = Debug;
		};
		D30E99EA2C97CB75000C76E3 /* Release */ = {
			isa = XCBuildConfiguration;
			buildSettings = {
				ALWAYS_SEARCH_USER_PATHS = NO;
				ASSETCATALOG_COMPILER_GENERATE_SWIFT_ASSET_SYMBOL_EXTENSIONS = YES;
				CLANG_ANALYZER_NONNULL = YES;
				CLANG_ANALYZER_NUMBER_OBJECT_CONVERSION = YES_AGGRESSIVE;
				CLANG_CXX_LANGUAGE_STANDARD = "gnu++20";
				CLANG_ENABLE_MODULES = YES;
				CLANG_ENABLE_OBJC_ARC = YES;
				CLANG_ENABLE_OBJC_WEAK = YES;
				CLANG_WARN_BLOCK_CAPTURE_AUTORELEASING = YES;
				CLANG_WARN_BOOL_CONVERSION = YES;
				CLANG_WARN_COMMA = YES;
				CLANG_WARN_CONSTANT_CONVERSION = YES;
				CLANG_WARN_DEPRECATED_OBJC_IMPLEMENTATIONS = YES;
				CLANG_WARN_DIRECT_OBJC_ISA_USAGE = YES_ERROR;
				CLANG_WARN_DOCUMENTATION_COMMENTS = YES;
				CLANG_WARN_EMPTY_BODY = YES;
				CLANG_WARN_ENUM_CONVERSION = YES;
				CLANG_WARN_INFINITE_RECURSION = YES;
				CLANG_WARN_INT_CONVERSION = YES;
				CLANG_WARN_NON_LITERAL_NULL_CONVERSION = YES;
				CLANG_WARN_OBJC_IMPLICIT_RETAIN_SELF = YES;
				CLANG_WARN_OBJC_LITERAL_CONVERSION = YES;
				CLANG_WARN_OBJC_ROOT_CLASS = YES_ERROR;
				CLANG_WARN_QUOTED_INCLUDE_IN_FRAMEWORK_HEADER = YES;
				CLANG_WARN_RANGE_LOOP_ANALYSIS = YES;
				CLANG_WARN_STRICT_PROTOTYPES = YES;
				CLANG_WARN_SUSPICIOUS_MOVE = YES;
				CLANG_WARN_UNGUARDED_AVAILABILITY = YES_AGGRESSIVE;
				CLANG_WARN_UNREACHABLE_CODE = YES;
				CLANG_WARN__DUPLICATE_METHOD_MATCH = YES;
				COPY_PHASE_STRIP = NO;
				DEBUG_INFORMATION_FORMAT = "dwarf-with-dsym";
				ENABLE_NS_ASSERTIONS = NO;
				ENABLE_STRICT_OBJC_MSGSEND = YES;
				ENABLE_USER_SCRIPT_SANDBOXING = YES;
				GCC_C_LANGUAGE_STANDARD = gnu17;
				GCC_NO_COMMON_BLOCKS = YES;
				GCC_WARN_64_TO_32_BIT_CONVERSION = YES;
				GCC_WARN_ABOUT_RETURN_TYPE = YES_ERROR;
				GCC_WARN_UNDECLARED_SELECTOR = YES;
				GCC_WARN_UNINITIALIZED_AUTOS = YES_AGGRESSIVE;
				GCC_WARN_UNUSED_FUNCTION = YES;
				GCC_WARN_UNUSED_VARIABLE = YES;
				IPHONEOS_DEPLOYMENT_TARGET = 17.5;
				LOCALIZATION_PREFERS_STRING_CATALOGS = YES;
				MTL_ENABLE_DEBUG_INFO = NO;
				MTL_FAST_MATH = YES;
				SDKROOT = iphoneos;
				SWIFT_COMPILATION_MODE = wholemodule;
				VALIDATE_PRODUCT = YES;
			};
			name = Release;
		};
		D30E99EC2C97CB75000C76E3 /* Debug */ = {
			isa = XCBuildConfiguration;
			buildSettings = {
				ASSETCATALOG_COMPILER_APPICON_NAME = AppIcon;
				ASSETCATALOG_COMPILER_GLOBAL_ACCENT_COLOR_NAME = AccentColor;
				CODE_SIGN_STYLE = Automatic;
				CURRENT_PROJECT_VERSION = 1;
				DEVELOPMENT_TEAM = YH2276NN43;
				GENERATE_INFOPLIST_FILE = YES;
				INFOPLIST_FILE = NotesAppMVVM/Info.plist;
				INFOPLIST_KEY_UIApplicationSupportsIndirectInputEvents = YES;
				INFOPLIST_KEY_UILaunchStoryboardName = LaunchScreen;
				INFOPLIST_KEY_UIMainStoryboardFile = Main;
				INFOPLIST_KEY_UISupportedInterfaceOrientations_iPad = "UIInterfaceOrientationPortrait UIInterfaceOrientationPortraitUpsideDown UIInterfaceOrientationLandscapeLeft UIInterfaceOrientationLandscapeRight";
				INFOPLIST_KEY_UISupportedInterfaceOrientations_iPhone = "UIInterfaceOrientationPortrait UIInterfaceOrientationLandscapeLeft UIInterfaceOrientationLandscapeRight";
				LD_RUNPATH_SEARCH_PATHS = (
					"$(inherited)",
					"@executable_path/Frameworks",
				);
				MARKETING_VERSION = 1.0;
				PRODUCT_BUNDLE_IDENTIFIER = con.coppertec.NotesAppMVVM;
				PRODUCT_NAME = "$(TARGET_NAME)";
				SWIFT_EMIT_LOC_STRINGS = YES;
				SWIFT_VERSION = 5.0;
				TARGETED_DEVICE_FAMILY = "1,2";
			};
			name = Debug;
		};
		D30E99ED2C97CB75000C76E3 /* Release */ = {
			isa = XCBuildConfiguration;
			buildSettings = {
				ASSETCATALOG_COMPILER_APPICON_NAME = AppIcon;
				ASSETCATALOG_COMPILER_GLOBAL_ACCENT_COLOR_NAME = AccentColor;
				CODE_SIGN_STYLE = Automatic;
				CURRENT_PROJECT_VERSION = 1;
				DEVELOPMENT_TEAM = YH2276NN43;
				GENERATE_INFOPLIST_FILE = YES;
				INFOPLIST_FILE = NotesAppMVVM/Info.plist;
				INFOPLIST_KEY_UIApplicationSupportsIndirectInputEvents = YES;
				INFOPLIST_KEY_UILaunchStoryboardName = LaunchScreen;
				INFOPLIST_KEY_UIMainStoryboardFile = Main;
				INFOPLIST_KEY_UISupportedInterfaceOrientations_iPad = "UIInterfaceOrientationPortrait UIInterfaceOrientationPortraitUpsideDown UIInterfaceOrientationLandscapeLeft UIInterfaceOrientationLandscapeRight";
				INFOPLIST_KEY_UISupportedInterfaceOrientations_iPhone = "UIInterfaceOrientationPortrait UIInterfaceOrientationLandscapeLeft UIInterfaceOrientationLandscapeRight";
				LD_RUNPATH_SEARCH_PATHS = (
					"$(inherited)",
					"@executable_path/Frameworks",
				);
				MARKETING_VERSION = 1.0;
				PRODUCT_BUNDLE_IDENTIFIER = con.coppertec.NotesAppMVVM;
				PRODUCT_NAME = "$(TARGET_NAME)";
				SWIFT_EMIT_LOC_STRINGS = YES;
				SWIFT_VERSION = 5.0;
				TARGETED_DEVICE_FAMILY = "1,2";
			};
			name = Release;
		};
/* End XCBuildConfiguration section */

/* Begin XCConfigurationList section */
		D30E99CF2C97CB74000C76E3 /* Build configuration list for PBXProject "NotesAppMVVM" */ = {
			isa = XCConfigurationList;
			buildConfigurations = (
				D30E99E92C97CB75000C76E3 /* Debug */,
				D30E99EA2C97CB75000C76E3 /* Release */,
			);
			defaultConfigurationIsVisible = 0;
			defaultConfigurationName = Release;
		};
		D30E99EB2C97CB75000C76E3 /* Build configuration list for PBXNativeTarget "NotesAppMVVM" */ = {
			isa = XCConfigurationList;
			buildConfigurations = (
				D30E99EC2C97CB75000C76E3 /* Debug */,
				D30E99ED2C97CB75000C76E3 /* Release */,
			);
			defaultConfigurationIsVisible = 0;
			defaultConfigurationName = Release;
		};
/* End XCConfigurationList section */

/* Begin XCVersionGroup section */
		D30E99E02C97CB74000C76E3 /* NotesAppMVVM.xcdatamodeld */ = {
			isa = XCVersionGroup;
			children = (
				D30E99E12C97CB74000C76E3 /* NotesAppMVVM.xcdatamodel */,
			);
			currentVersion = D30E99E12C97CB74000C76E3 /* NotesAppMVVM.xcdatamodel */;
			path = NotesAppMVVM.xcdatamodeld;
			sourceTree = "<group>";
			versionGroupType = wrapper.xcdatamodel;
		};
/* End XCVersionGroup section */
	};
	rootObject = D30E99CC2C97CB74000C76E3 /* Project object */;
}
